<?xml version="1.0" encoding="utf-8"?>
<Project ToolsVersion="17.0" xmlns="http://schemas.microsoft.com/developer/msbuild/2003">
  <ItemGroup>
    <ClCompile Include="C:\Users\mrspe\Desktop\cmake\cmake-4.0.1-tutorial-source\Step3\MathFunctions\mysqrt.cxx">
      <Filter>Source Files</Filter>
    </ClCompile>
  </ItemGroup>
  <ItemGroup>
    <CustomBuild Include="C:\Users\mrspe\Desktop\cmake\cmake-4.0.1-tutorial-source\Step3\MathFunctions\CMakeLists.txt" />
  </ItemGroup>
  <ItemGroup>
    <Filter Include="Source Files">
      <UniqueIdentifier>{982B051D-5D61-31B6-936C-FDCA78B85EBB}</UniqueIdentifier>
    </Filter>
  </ItemGroup>
</Project>
