
Microsoft Visual Studio Solution File, Format Version 12.00
# Visual Studio Version 17
Project("{8BC9CEB8-8B4A-11D0-8D11-00A0C91BC942}") = "ALL_BUILD", "ALL_BUILD.vcxproj", "{3A0CC4EA-CE96-3EC4-A75B-143CB9106742}"
	ProjectSection(ProjectDependencies) = postProject
		{1020464E-3D50-3311-B6B5-06C5E4EC0420} = {1020464E-3D50-3311-B6B5-06C5E4EC0420}
		{456736A0-E5D0-3FE3-B935-A1AE5352927D} = {456736A0-E5D0-3FE3-B935-A1AE5352927D}
		{38411E3E-02EB-3637-B2E7-BDB20072EA56} = {38411E3E-02EB-3637-B2E7-BDB20072EA56}
		{C41C2197-ABB2-3F2C-96CB-BAC27DA2EDA8} = {C41C2197-ABB2-3F2C-96CB-BAC27DA2EDA8}
	EndProjectSection
EndProject
Project("{8BC9CEB8-8B4A-11D0-8D11-00A0C91BC942}") = "INSTALL", "INSTALL.vcxproj", "{F9787689-9C15-3169-84BB-47BC45A75DF4}"
	ProjectSection(ProjectDependencies) = postProject
		{3A0CC4EA-CE96-3EC4-A75B-143CB9106742} = {3A0CC4EA-CE96-3EC4-A75B-143CB9106742}
		{C41C2197-ABB2-3F2C-96CB-BAC27DA2EDA8} = {C41C2197-ABB2-3F2C-96CB-BAC27DA2EDA8}
	EndProjectSection
EndProject
Project("{8BC9CEB8-8B4A-11D0-8D11-00A0C91BC942}") = "MathFunctions", "MathFunctions\MathFunctions.vcxproj", "{1020464E-3D50-3311-B6B5-06C5E4EC0420}"
	ProjectSection(ProjectDependencies) = postProject
		{456736A0-E5D0-3FE3-B935-A1AE5352927D} = {456736A0-E5D0-3FE3-B935-A1AE5352927D}
		{C41C2197-ABB2-3F2C-96CB-BAC27DA2EDA8} = {C41C2197-ABB2-3F2C-96CB-BAC27DA2EDA8}
	EndProjectSection
EndProject
Project("{8BC9CEB8-8B4A-11D0-8D11-00A0C91BC942}") = "RUN_TESTS", "RUN_TESTS.vcxproj", "{8266705A-1977-37BC-82C8-0BA0CC37E3C6}"
	ProjectSection(ProjectDependencies) = postProject
		{C41C2197-ABB2-3F2C-96CB-BAC27DA2EDA8} = {C41C2197-ABB2-3F2C-96CB-BAC27DA2EDA8}
	EndProjectSection
EndProject
Project("{8BC9CEB8-8B4A-11D0-8D11-00A0C91BC942}") = "SqrtLibrary", "MathFunctions\SqrtLibrary.vcxproj", "{456736A0-E5D0-3FE3-B935-A1AE5352927D}"
	ProjectSection(ProjectDependencies) = postProject
		{C41C2197-ABB2-3F2C-96CB-BAC27DA2EDA8} = {C41C2197-ABB2-3F2C-96CB-BAC27DA2EDA8}
	EndProjectSection
EndProject
Project("{8BC9CEB8-8B4A-11D0-8D11-00A0C91BC942}") = "Tutorial", "Tutorial.vcxproj", "{38411E3E-02EB-3637-B2E7-BDB20072EA56}"
	ProjectSection(ProjectDependencies) = postProject
		{1020464E-3D50-3311-B6B5-06C5E4EC0420} = {1020464E-3D50-3311-B6B5-06C5E4EC0420}
		{456736A0-E5D0-3FE3-B935-A1AE5352927D} = {456736A0-E5D0-3FE3-B935-A1AE5352927D}
		{C41C2197-ABB2-3F2C-96CB-BAC27DA2EDA8} = {C41C2197-ABB2-3F2C-96CB-BAC27DA2EDA8}
	EndProjectSection
EndProject
Project("{8BC9CEB8-8B4A-11D0-8D11-00A0C91BC942}") = "ZERO_CHECK", "ZERO_CHECK.vcxproj", "{C41C2197-ABB2-3F2C-96CB-BAC27DA2EDA8}"
	ProjectSection(ProjectDependencies) = postProject
	EndProjectSection
EndProject
Global
	GlobalSection(SolutionConfigurationPlatforms) = preSolution
		Debug|x64 = Debug|x64
		Release|x64 = Release|x64
		MinSizeRel|x64 = MinSizeRel|x64
		RelWithDebInfo|x64 = RelWithDebInfo|x64
	EndGlobalSection
	GlobalSection(ProjectConfigurationPlatforms) = postSolution
		{3A0CC4EA-CE96-3EC4-A75B-143CB9106742}.Debug|x64.ActiveCfg = Debug|x64
		{3A0CC4EA-CE96-3EC4-A75B-143CB9106742}.Debug|x64.Build.0 = Debug|x64
		{3A0CC4EA-CE96-3EC4-A75B-143CB9106742}.Release|x64.ActiveCfg = Release|x64
		{3A0CC4EA-CE96-3EC4-A75B-143CB9106742}.Release|x64.Build.0 = Release|x64
		{3A0CC4EA-CE96-3EC4-A75B-143CB9106742}.MinSizeRel|x64.ActiveCfg = MinSizeRel|x64
		{3A0CC4EA-CE96-3EC4-A75B-143CB9106742}.MinSizeRel|x64.Build.0 = MinSizeRel|x64
		{3A0CC4EA-CE96-3EC4-A75B-143CB9106742}.RelWithDebInfo|x64.ActiveCfg = RelWithDebInfo|x64
		{3A0CC4EA-CE96-3EC4-A75B-143CB9106742}.RelWithDebInfo|x64.Build.0 = RelWithDebInfo|x64
		{F9787689-9C15-3169-84BB-47BC45A75DF4}.Debug|x64.ActiveCfg = Debug|x64
		{F9787689-9C15-3169-84BB-47BC45A75DF4}.Release|x64.ActiveCfg = Release|x64
		{F9787689-9C15-3169-84BB-47BC45A75DF4}.MinSizeRel|x64.ActiveCfg = MinSizeRel|x64
		{F9787689-9C15-3169-84BB-47BC45A75DF4}.RelWithDebInfo|x64.ActiveCfg = RelWithDebInfo|x64
		{1020464E-3D50-3311-B6B5-06C5E4EC0420}.Debug|x64.ActiveCfg = Debug|x64
		{1020464E-3D50-3311-B6B5-06C5E4EC0420}.Debug|x64.Build.0 = Debug|x64
		{1020464E-3D50-3311-B6B5-06C5E4EC0420}.Release|x64.ActiveCfg = Release|x64
		{1020464E-3D50-3311-B6B5-06C5E4EC0420}.Release|x64.Build.0 = Release|x64
		{1020464E-3D50-3311-B6B5-06C5E4EC0420}.MinSizeRel|x64.ActiveCfg = MinSizeRel|x64
		{1020464E-3D50-3311-B6B5-06C5E4EC0420}.MinSizeRel|x64.Build.0 = MinSizeRel|x64
		{1020464E-3D50-3311-B6B5-06C5E4EC0420}.RelWithDebInfo|x64.ActiveCfg = RelWithDebInfo|x64
		{1020464E-3D50-3311-B6B5-06C5E4EC0420}.RelWithDebInfo|x64.Build.0 = RelWithDebInfo|x64
		{8266705A-1977-37BC-82C8-0BA0CC37E3C6}.Debug|x64.ActiveCfg = Debug|x64
		{8266705A-1977-37BC-82C8-0BA0CC37E3C6}.Release|x64.ActiveCfg = Release|x64
		{8266705A-1977-37BC-82C8-0BA0CC37E3C6}.MinSizeRel|x64.ActiveCfg = MinSizeRel|x64
		{8266705A-1977-37BC-82C8-0BA0CC37E3C6}.RelWithDebInfo|x64.ActiveCfg = RelWithDebInfo|x64
		{456736A0-E5D0-3FE3-B935-A1AE5352927D}.Debug|x64.ActiveCfg = Debug|x64
		{456736A0-E5D0-3FE3-B935-A1AE5352927D}.Debug|x64.Build.0 = Debug|x64
		{456736A0-E5D0-3FE3-B935-A1AE5352927D}.Release|x64.ActiveCfg = Release|x64
		{456736A0-E5D0-3FE3-B935-A1AE5352927D}.Release|x64.Build.0 = Release|x64
		{456736A0-E5D0-3FE3-B935-A1AE5352927D}.MinSizeRel|x64.ActiveCfg = MinSizeRel|x64
		{456736A0-E5D0-3FE3-B935-A1AE5352927D}.MinSizeRel|x64.Build.0 = MinSizeRel|x64
		{456736A0-E5D0-3FE3-B935-A1AE5352927D}.RelWithDebInfo|x64.ActiveCfg = RelWithDebInfo|x64
		{456736A0-E5D0-3FE3-B935-A1AE5352927D}.RelWithDebInfo|x64.Build.0 = RelWithDebInfo|x64
		{38411E3E-02EB-3637-B2E7-BDB20072EA56}.Debug|x64.ActiveCfg = Debug|x64
		{38411E3E-02EB-3637-B2E7-BDB20072EA56}.Debug|x64.Build.0 = Debug|x64
		{38411E3E-02EB-3637-B2E7-BDB20072EA56}.Release|x64.ActiveCfg = Release|x64
		{38411E3E-02EB-3637-B2E7-BDB20072EA56}.Release|x64.Build.0 = Release|x64
		{38411E3E-02EB-3637-B2E7-BDB20072EA56}.MinSizeRel|x64.ActiveCfg = MinSizeRel|x64
		{38411E3E-02EB-3637-B2E7-BDB20072EA56}.MinSizeRel|x64.Build.0 = MinSizeRel|x64
		{38411E3E-02EB-3637-B2E7-BDB20072EA56}.RelWithDebInfo|x64.ActiveCfg = RelWithDebInfo|x64
		{38411E3E-02EB-3637-B2E7-BDB20072EA56}.RelWithDebInfo|x64.Build.0 = RelWithDebInfo|x64
		{C41C2197-ABB2-3F2C-96CB-BAC27DA2EDA8}.Debug|x64.ActiveCfg = Debug|x64
		{C41C2197-ABB2-3F2C-96CB-BAC27DA2EDA8}.Debug|x64.Build.0 = Debug|x64
		{C41C2197-ABB2-3F2C-96CB-BAC27DA2EDA8}.Release|x64.ActiveCfg = Release|x64
		{C41C2197-ABB2-3F2C-96CB-BAC27DA2EDA8}.Release|x64.Build.0 = Release|x64
		{C41C2197-ABB2-3F2C-96CB-BAC27DA2EDA8}.MinSizeRel|x64.ActiveCfg = MinSizeRel|x64
		{C41C2197-ABB2-3F2C-96CB-BAC27DA2EDA8}.MinSizeRel|x64.Build.0 = MinSizeRel|x64
		{C41C2197-ABB2-3F2C-96CB-BAC27DA2EDA8}.RelWithDebInfo|x64.ActiveCfg = RelWithDebInfo|x64
		{C41C2197-ABB2-3F2C-96CB-BAC27DA2EDA8}.RelWithDebInfo|x64.Build.0 = RelWithDebInfo|x64
	EndGlobalSection
	GlobalSection(ExtensibilityGlobals) = postSolution
		SolutionGuid = {9D546253-1E52-3F0C-A365-52BE61A8EF74}
	EndGlobalSection
	GlobalSection(ExtensibilityAddIns) = postSolution
	EndGlobalSection
EndGlobal
