<?xml version="1.0" encoding="utf-8"?>
<Project ToolsVersion="17.0" xmlns="http://schemas.microsoft.com/developer/msbuild/2003">
  <ItemGroup>
    <CustomBuild Include="C:\Users\mrspe\Desktop\cmake\cmake-4.0.1-tutorial-source\Step5_build\CMakeFiles\3b78b0cce80684238917347109c9556a\generate.stamp.rule">
      <Filter>CMake Rules</Filter>
    </CustomBuild>
  </ItemGroup>
  <ItemGroup>
    <Filter Include="CMake Rules">
      <UniqueIdentifier>{D87B3047-E57C-37A6-8469-870AF530CDDB}</UniqueIdentifier>
    </Filter>
  </ItemGroup>
</Project>
