
Microsoft Visual Studio Solution File, Format Version 12.00
# Visual Studio Version 17
Project("{8BC9CEB8-8B4A-11D0-8D11-00A0C91BC942}") = "ALL_BUILD", "ALL_BUILD.vcxproj", "{63F01668-118C-3A6B-B41C-EB22232795FB}"
	ProjectSection(ProjectDependencies) = postProject
		{FE530149-2128-344C-B97C-D21290680EEF} = {FE530149-2128-344C-B97C-D21290680EEF}
		{3EA66161-2D25-3270-9C95-8510CC4FB169} = {3EA66161-2D25-3270-9C95-8510CC4FB169}
		{3CCBE76C-10B1-3769-B6E3-92DCFE02DF92} = {3CCBE76C-10B1-3769-B6E3-92DCFE02DF92}
	EndProjectSection
EndProject
Project("{8BC9CEB8-8B4A-11D0-8D11-00A0C91BC942}") = "MathFunctions", "MathFunctions\MathFunctions.vcxproj", "{FE530149-2128-344C-B97C-D21290680EEF}"
	ProjectSection(ProjectDependencies) = postProject
		{3CCBE76C-10B1-3769-B6E3-92DCFE02DF92} = {3CCBE76C-10B1-3769-B6E3-92DCFE02DF92}
	EndProjectSection
EndProject
Project("{8BC9CEB8-8B4A-11D0-8D11-00A0C91BC942}") = "Tutorial", "Tutorial.vcxproj", "{3EA66161-2D25-3270-9C95-8510CC4FB169}"
	ProjectSection(ProjectDependencies) = postProject
		{FE530149-2128-344C-B97C-D21290680EEF} = {FE530149-2128-344C-B97C-D21290680EEF}
		{3CCBE76C-10B1-3769-B6E3-92DCFE02DF92} = {3CCBE76C-10B1-3769-B6E3-92DCFE02DF92}
	EndProjectSection
EndProject
Project("{8BC9CEB8-8B4A-11D0-8D11-00A0C91BC942}") = "ZERO_CHECK", "ZERO_CHECK.vcxproj", "{3CCBE76C-10B1-3769-B6E3-92DCFE02DF92}"
	ProjectSection(ProjectDependencies) = postProject
	EndProjectSection
EndProject
Global
	GlobalSection(SolutionConfigurationPlatforms) = preSolution
		Debug|x64 = Debug|x64
		Release|x64 = Release|x64
		MinSizeRel|x64 = MinSizeRel|x64
		RelWithDebInfo|x64 = RelWithDebInfo|x64
	EndGlobalSection
	GlobalSection(ProjectConfigurationPlatforms) = postSolution
		{63F01668-118C-3A6B-B41C-EB22232795FB}.Debug|x64.ActiveCfg = Debug|x64
		{63F01668-118C-3A6B-B41C-EB22232795FB}.Release|x64.ActiveCfg = Release|x64
		{63F01668-118C-3A6B-B41C-EB22232795FB}.MinSizeRel|x64.ActiveCfg = MinSizeRel|x64
		{63F01668-118C-3A6B-B41C-EB22232795FB}.RelWithDebInfo|x64.ActiveCfg = RelWithDebInfo|x64
		{FE530149-2128-344C-B97C-D21290680EEF}.Debug|x64.ActiveCfg = Debug|x64
		{FE530149-2128-344C-B97C-D21290680EEF}.Debug|x64.Build.0 = Debug|x64
		{FE530149-2128-344C-B97C-D21290680EEF}.Release|x64.ActiveCfg = Release|x64
		{FE530149-2128-344C-B97C-D21290680EEF}.Release|x64.Build.0 = Release|x64
		{FE530149-2128-344C-B97C-D21290680EEF}.MinSizeRel|x64.ActiveCfg = MinSizeRel|x64
		{FE530149-2128-344C-B97C-D21290680EEF}.MinSizeRel|x64.Build.0 = MinSizeRel|x64
		{FE530149-2128-344C-B97C-D21290680EEF}.RelWithDebInfo|x64.ActiveCfg = RelWithDebInfo|x64
		{FE530149-2128-344C-B97C-D21290680EEF}.RelWithDebInfo|x64.Build.0 = RelWithDebInfo|x64
		{3EA66161-2D25-3270-9C95-8510CC4FB169}.Debug|x64.ActiveCfg = Debug|x64
		{3EA66161-2D25-3270-9C95-8510CC4FB169}.Debug|x64.Build.0 = Debug|x64
		{3EA66161-2D25-3270-9C95-8510CC4FB169}.Release|x64.ActiveCfg = Release|x64
		{3EA66161-2D25-3270-9C95-8510CC4FB169}.Release|x64.Build.0 = Release|x64
		{3EA66161-2D25-3270-9C95-8510CC4FB169}.MinSizeRel|x64.ActiveCfg = MinSizeRel|x64
		{3EA66161-2D25-3270-9C95-8510CC4FB169}.MinSizeRel|x64.Build.0 = MinSizeRel|x64
		{3EA66161-2D25-3270-9C95-8510CC4FB169}.RelWithDebInfo|x64.ActiveCfg = RelWithDebInfo|x64
		{3EA66161-2D25-3270-9C95-8510CC4FB169}.RelWithDebInfo|x64.Build.0 = RelWithDebInfo|x64
		{3CCBE76C-10B1-3769-B6E3-92DCFE02DF92}.Debug|x64.ActiveCfg = Debug|x64
		{3CCBE76C-10B1-3769-B6E3-92DCFE02DF92}.Debug|x64.Build.0 = Debug|x64
		{3CCBE76C-10B1-3769-B6E3-92DCFE02DF92}.Release|x64.ActiveCfg = Release|x64
		{3CCBE76C-10B1-3769-B6E3-92DCFE02DF92}.Release|x64.Build.0 = Release|x64
		{3CCBE76C-10B1-3769-B6E3-92DCFE02DF92}.MinSizeRel|x64.ActiveCfg = MinSizeRel|x64
		{3CCBE76C-10B1-3769-B6E3-92DCFE02DF92}.MinSizeRel|x64.Build.0 = MinSizeRel|x64
		{3CCBE76C-10B1-3769-B6E3-92DCFE02DF92}.RelWithDebInfo|x64.ActiveCfg = RelWithDebInfo|x64
		{3CCBE76C-10B1-3769-B6E3-92DCFE02DF92}.RelWithDebInfo|x64.Build.0 = RelWithDebInfo|x64
	EndGlobalSection
	GlobalSection(ExtensibilityGlobals) = postSolution
		SolutionGuid = {6378D1A2-930C-3FDD-B8EA-A3A4CA1E0CB7}
	EndGlobalSection
	GlobalSection(ExtensibilityAddIns) = postSolution
	EndGlobalSection
EndGlobal
