
Microsoft Visual Studio Solution File, Format Version 12.00
# Visual Studio Version 17
Project("{8BC9CEB8-8B4A-11D0-8D11-00A0C91BC942}") = "ALL_BUILD", "ALL_BUILD.vcxproj", "{B3999A44-3A77-30BA-9299-EC78733503B8}"
	ProjectSection(ProjectDependencies) = postProject
		{13F3AC32-E580-3844-B7AF-4D70C461C9ED} = {13F3AC32-E580-3844-B7AF-4D70C461C9ED}
		{DBA3DE15-C865-3F55-9831-8DA4415A05CB} = {DBA3DE15-C865-3F55-9831-8DA4415A05CB}
		{EDA1DCD1-CDA5-3F40-83B0-5FDD590F406B} = {EDA1DCD1-CDA5-3F40-83B0-5FDD590F406B}
		{F1449AE0-8926-3D83-9AC5-6EBF6611A0AD} = {F1449AE0-8926-3D83-9AC5-6EBF6611A0AD}
	EndProjectSection
EndProject
Project("{8BC9CEB8-8B4A-11D0-8D11-00A0C91BC942}") = "Continuous", "Continuous.vcxproj", "{AE1D9564-6632-3384-89D6-EA5B8A7E37E8}"
	ProjectSection(ProjectDependencies) = postProject
		{F1449AE0-8926-3D83-9AC5-6EBF6611A0AD} = {F1449AE0-8926-3D83-9AC5-6EBF6611A0AD}
	EndProjectSection
EndProject
Project("{8BC9CEB8-8B4A-11D0-8D11-00A0C91BC942}") = "Experimental", "Experimental.vcxproj", "{E1E480E0-F0B4-3F0A-A763-6D9902D81C04}"
	ProjectSection(ProjectDependencies) = postProject
		{F1449AE0-8926-3D83-9AC5-6EBF6611A0AD} = {F1449AE0-8926-3D83-9AC5-6EBF6611A0AD}
	EndProjectSection
EndProject
Project("{8BC9CEB8-8B4A-11D0-8D11-00A0C91BC942}") = "INSTALL", "INSTALL.vcxproj", "{232A125C-B38C-35E3-8967-632DD4262C6A}"
	ProjectSection(ProjectDependencies) = postProject
		{B3999A44-3A77-30BA-9299-EC78733503B8} = {B3999A44-3A77-30BA-9299-EC78733503B8}
		{F1449AE0-8926-3D83-9AC5-6EBF6611A0AD} = {F1449AE0-8926-3D83-9AC5-6EBF6611A0AD}
	EndProjectSection
EndProject
Project("{8BC9CEB8-8B4A-11D0-8D11-00A0C91BC942}") = "MathFunctions", "MathFunctions\MathFunctions.vcxproj", "{13F3AC32-E580-3844-B7AF-4D70C461C9ED}"
	ProjectSection(ProjectDependencies) = postProject
		{DBA3DE15-C865-3F55-9831-8DA4415A05CB} = {DBA3DE15-C865-3F55-9831-8DA4415A05CB}
		{F1449AE0-8926-3D83-9AC5-6EBF6611A0AD} = {F1449AE0-8926-3D83-9AC5-6EBF6611A0AD}
	EndProjectSection
EndProject
Project("{8BC9CEB8-8B4A-11D0-8D11-00A0C91BC942}") = "Nightly", "Nightly.vcxproj", "{F171B1BC-F36F-30C2-BCB6-088A3C38F710}"
	ProjectSection(ProjectDependencies) = postProject
		{F1449AE0-8926-3D83-9AC5-6EBF6611A0AD} = {F1449AE0-8926-3D83-9AC5-6EBF6611A0AD}
	EndProjectSection
EndProject
Project("{8BC9CEB8-8B4A-11D0-8D11-00A0C91BC942}") = "NightlyMemoryCheck", "NightlyMemoryCheck.vcxproj", "{EA1AD87C-DBCC-3FBF-9080-C88C6ED3F315}"
	ProjectSection(ProjectDependencies) = postProject
		{F1449AE0-8926-3D83-9AC5-6EBF6611A0AD} = {F1449AE0-8926-3D83-9AC5-6EBF6611A0AD}
	EndProjectSection
EndProject
Project("{8BC9CEB8-8B4A-11D0-8D11-00A0C91BC942}") = "RUN_TESTS", "RUN_TESTS.vcxproj", "{5868231B-62F5-32BB-B7E2-468F6B46DDE5}"
	ProjectSection(ProjectDependencies) = postProject
		{F1449AE0-8926-3D83-9AC5-6EBF6611A0AD} = {F1449AE0-8926-3D83-9AC5-6EBF6611A0AD}
	EndProjectSection
EndProject
Project("{8BC9CEB8-8B4A-11D0-8D11-00A0C91BC942}") = "SqrtLibrary", "MathFunctions\SqrtLibrary.vcxproj", "{DBA3DE15-C865-3F55-9831-8DA4415A05CB}"
	ProjectSection(ProjectDependencies) = postProject
		{F1449AE0-8926-3D83-9AC5-6EBF6611A0AD} = {F1449AE0-8926-3D83-9AC5-6EBF6611A0AD}
	EndProjectSection
EndProject
Project("{8BC9CEB8-8B4A-11D0-8D11-00A0C91BC942}") = "Tutorial", "Tutorial.vcxproj", "{EDA1DCD1-CDA5-3F40-83B0-5FDD590F406B}"
	ProjectSection(ProjectDependencies) = postProject
		{13F3AC32-E580-3844-B7AF-4D70C461C9ED} = {13F3AC32-E580-3844-B7AF-4D70C461C9ED}
		{DBA3DE15-C865-3F55-9831-8DA4415A05CB} = {DBA3DE15-C865-3F55-9831-8DA4415A05CB}
		{F1449AE0-8926-3D83-9AC5-6EBF6611A0AD} = {F1449AE0-8926-3D83-9AC5-6EBF6611A0AD}
	EndProjectSection
EndProject
Project("{8BC9CEB8-8B4A-11D0-8D11-00A0C91BC942}") = "ZERO_CHECK", "ZERO_CHECK.vcxproj", "{F1449AE0-8926-3D83-9AC5-6EBF6611A0AD}"
	ProjectSection(ProjectDependencies) = postProject
	EndProjectSection
EndProject
Global
	GlobalSection(SolutionConfigurationPlatforms) = preSolution
		Debug|x64 = Debug|x64
		Release|x64 = Release|x64
		MinSizeRel|x64 = MinSizeRel|x64
		RelWithDebInfo|x64 = RelWithDebInfo|x64
	EndGlobalSection
	GlobalSection(ProjectConfigurationPlatforms) = postSolution
		{B3999A44-3A77-30BA-9299-EC78733503B8}.Debug|x64.ActiveCfg = Debug|x64
		{B3999A44-3A77-30BA-9299-EC78733503B8}.Debug|x64.Build.0 = Debug|x64
		{B3999A44-3A77-30BA-9299-EC78733503B8}.Release|x64.ActiveCfg = Release|x64
		{B3999A44-3A77-30BA-9299-EC78733503B8}.Release|x64.Build.0 = Release|x64
		{B3999A44-3A77-30BA-9299-EC78733503B8}.MinSizeRel|x64.ActiveCfg = MinSizeRel|x64
		{B3999A44-3A77-30BA-9299-EC78733503B8}.MinSizeRel|x64.Build.0 = MinSizeRel|x64
		{B3999A44-3A77-30BA-9299-EC78733503B8}.RelWithDebInfo|x64.ActiveCfg = RelWithDebInfo|x64
		{B3999A44-3A77-30BA-9299-EC78733503B8}.RelWithDebInfo|x64.Build.0 = RelWithDebInfo|x64
		{AE1D9564-6632-3384-89D6-EA5B8A7E37E8}.Debug|x64.ActiveCfg = Debug|x64
		{AE1D9564-6632-3384-89D6-EA5B8A7E37E8}.Release|x64.ActiveCfg = Release|x64
		{AE1D9564-6632-3384-89D6-EA5B8A7E37E8}.MinSizeRel|x64.ActiveCfg = MinSizeRel|x64
		{AE1D9564-6632-3384-89D6-EA5B8A7E37E8}.RelWithDebInfo|x64.ActiveCfg = RelWithDebInfo|x64
		{E1E480E0-F0B4-3F0A-A763-6D9902D81C04}.Debug|x64.ActiveCfg = Debug|x64
		{E1E480E0-F0B4-3F0A-A763-6D9902D81C04}.Release|x64.ActiveCfg = Release|x64
		{E1E480E0-F0B4-3F0A-A763-6D9902D81C04}.MinSizeRel|x64.ActiveCfg = MinSizeRel|x64
		{E1E480E0-F0B4-3F0A-A763-6D9902D81C04}.RelWithDebInfo|x64.ActiveCfg = RelWithDebInfo|x64
		{232A125C-B38C-35E3-8967-632DD4262C6A}.Debug|x64.ActiveCfg = Debug|x64
		{232A125C-B38C-35E3-8967-632DD4262C6A}.Release|x64.ActiveCfg = Release|x64
		{232A125C-B38C-35E3-8967-632DD4262C6A}.MinSizeRel|x64.ActiveCfg = MinSizeRel|x64
		{232A125C-B38C-35E3-8967-632DD4262C6A}.RelWithDebInfo|x64.ActiveCfg = RelWithDebInfo|x64
		{13F3AC32-E580-3844-B7AF-4D70C461C9ED}.Debug|x64.ActiveCfg = Debug|x64
		{13F3AC32-E580-3844-B7AF-4D70C461C9ED}.Debug|x64.Build.0 = Debug|x64
		{13F3AC32-E580-3844-B7AF-4D70C461C9ED}.Release|x64.ActiveCfg = Release|x64
		{13F3AC32-E580-3844-B7AF-4D70C461C9ED}.Release|x64.Build.0 = Release|x64
		{13F3AC32-E580-3844-B7AF-4D70C461C9ED}.MinSizeRel|x64.ActiveCfg = MinSizeRel|x64
		{13F3AC32-E580-3844-B7AF-4D70C461C9ED}.MinSizeRel|x64.Build.0 = MinSizeRel|x64
		{13F3AC32-E580-3844-B7AF-4D70C461C9ED}.RelWithDebInfo|x64.ActiveCfg = RelWithDebInfo|x64
		{13F3AC32-E580-3844-B7AF-4D70C461C9ED}.RelWithDebInfo|x64.Build.0 = RelWithDebInfo|x64
		{F171B1BC-F36F-30C2-BCB6-088A3C38F710}.Debug|x64.ActiveCfg = Debug|x64
		{F171B1BC-F36F-30C2-BCB6-088A3C38F710}.Release|x64.ActiveCfg = Release|x64
		{F171B1BC-F36F-30C2-BCB6-088A3C38F710}.MinSizeRel|x64.ActiveCfg = MinSizeRel|x64
		{F171B1BC-F36F-30C2-BCB6-088A3C38F710}.RelWithDebInfo|x64.ActiveCfg = RelWithDebInfo|x64
		{EA1AD87C-DBCC-3FBF-9080-C88C6ED3F315}.Debug|x64.ActiveCfg = Debug|x64
		{EA1AD87C-DBCC-3FBF-9080-C88C6ED3F315}.Release|x64.ActiveCfg = Release|x64
		{EA1AD87C-DBCC-3FBF-9080-C88C6ED3F315}.MinSizeRel|x64.ActiveCfg = MinSizeRel|x64
		{EA1AD87C-DBCC-3FBF-9080-C88C6ED3F315}.RelWithDebInfo|x64.ActiveCfg = RelWithDebInfo|x64
		{5868231B-62F5-32BB-B7E2-468F6B46DDE5}.Debug|x64.ActiveCfg = Debug|x64
		{5868231B-62F5-32BB-B7E2-468F6B46DDE5}.Release|x64.ActiveCfg = Release|x64
		{5868231B-62F5-32BB-B7E2-468F6B46DDE5}.MinSizeRel|x64.ActiveCfg = MinSizeRel|x64
		{5868231B-62F5-32BB-B7E2-468F6B46DDE5}.RelWithDebInfo|x64.ActiveCfg = RelWithDebInfo|x64
		{DBA3DE15-C865-3F55-9831-8DA4415A05CB}.Debug|x64.ActiveCfg = Debug|x64
		{DBA3DE15-C865-3F55-9831-8DA4415A05CB}.Debug|x64.Build.0 = Debug|x64
		{DBA3DE15-C865-3F55-9831-8DA4415A05CB}.Release|x64.ActiveCfg = Release|x64
		{DBA3DE15-C865-3F55-9831-8DA4415A05CB}.Release|x64.Build.0 = Release|x64
		{DBA3DE15-C865-3F55-9831-8DA4415A05CB}.MinSizeRel|x64.ActiveCfg = MinSizeRel|x64
		{DBA3DE15-C865-3F55-9831-8DA4415A05CB}.MinSizeRel|x64.Build.0 = MinSizeRel|x64
		{DBA3DE15-C865-3F55-9831-8DA4415A05CB}.RelWithDebInfo|x64.ActiveCfg = RelWithDebInfo|x64
		{DBA3DE15-C865-3F55-9831-8DA4415A05CB}.RelWithDebInfo|x64.Build.0 = RelWithDebInfo|x64
		{EDA1DCD1-CDA5-3F40-83B0-5FDD590F406B}.Debug|x64.ActiveCfg = Debug|x64
		{EDA1DCD1-CDA5-3F40-83B0-5FDD590F406B}.Debug|x64.Build.0 = Debug|x64
		{EDA1DCD1-CDA5-3F40-83B0-5FDD590F406B}.Release|x64.ActiveCfg = Release|x64
		{EDA1DCD1-CDA5-3F40-83B0-5FDD590F406B}.Release|x64.Build.0 = Release|x64
		{EDA1DCD1-CDA5-3F40-83B0-5FDD590F406B}.MinSizeRel|x64.ActiveCfg = MinSizeRel|x64
		{EDA1DCD1-CDA5-3F40-83B0-5FDD590F406B}.MinSizeRel|x64.Build.0 = MinSizeRel|x64
		{EDA1DCD1-CDA5-3F40-83B0-5FDD590F406B}.RelWithDebInfo|x64.ActiveCfg = RelWithDebInfo|x64
		{EDA1DCD1-CDA5-3F40-83B0-5FDD590F406B}.RelWithDebInfo|x64.Build.0 = RelWithDebInfo|x64
		{F1449AE0-8926-3D83-9AC5-6EBF6611A0AD}.Debug|x64.ActiveCfg = Debug|x64
		{F1449AE0-8926-3D83-9AC5-6EBF6611A0AD}.Debug|x64.Build.0 = Debug|x64
		{F1449AE0-8926-3D83-9AC5-6EBF6611A0AD}.Release|x64.ActiveCfg = Release|x64
		{F1449AE0-8926-3D83-9AC5-6EBF6611A0AD}.Release|x64.Build.0 = Release|x64
		{F1449AE0-8926-3D83-9AC5-6EBF6611A0AD}.MinSizeRel|x64.ActiveCfg = MinSizeRel|x64
		{F1449AE0-8926-3D83-9AC5-6EBF6611A0AD}.MinSizeRel|x64.Build.0 = MinSizeRel|x64
		{F1449AE0-8926-3D83-9AC5-6EBF6611A0AD}.RelWithDebInfo|x64.ActiveCfg = RelWithDebInfo|x64
		{F1449AE0-8926-3D83-9AC5-6EBF6611A0AD}.RelWithDebInfo|x64.Build.0 = RelWithDebInfo|x64
	EndGlobalSection
	GlobalSection(ExtensibilityGlobals) = postSolution
		SolutionGuid = {82DADB5D-3662-35E5-9C3B-625CEB9C00EB}
	EndGlobalSection
	GlobalSection(ExtensibilityAddIns) = postSolution
	EndGlobalSection
EndGlobal
